
Microsoft Visual Studio Solution File, Format Version 12.00
# Visual Studio Version 16
VisualStudioVersion = 16.0.31019.35
MinimumVisualStudioVersion = 10.0.40219.1
Project("{8BC9CEB8-8B4A-11D0-8D11-00A0C91BC942}") = "Sandbox", "Sandbox\Sandbox.vcxproj", "{6854ED09-58C8-4FE2-BAD3-7C7C7EB81430}"
EndProject
Project("{8BC9CEB8-8B4A-11D0-8D11-00A0C91BC942}") = "Atto", "Atto\Atto.vcxproj", "{ED76C48D-82C1-486E-B300-B685FDBAE3A8}"
EndProject
Global
	GlobalSection(SolutionConfigurationPlatforms) = preSolution
		Debug|x64 = Debug|x64
		Release|x64 = Release|x64
	EndGlobalSection
	GlobalSection(ProjectConfigurationPlatforms) = postSolution
		{ED76C48D-82C1-486E-B300-B685FDBAE3A8}.Debug|x64.ActiveCfg = Debug|x64
		{ED76C48D-82C1-486E-B300-B685FDBAE3A8}.Debug|x64.Build.0 = Debug|x64
		{ED76C48D-82C1-486E-B300-B685FDBAE3A8}.Release|x64.ActiveCfg = Release|x64
		{ED76C48D-82C1-486E-B300-B685FDBAE3A8}.Release|x64.Build.0 = Release|x64
		{6854ED09-58C8-4FE2-BAD3-7C7C7EB81430}.Debug|x64.ActiveCfg = Debug|x64
		{6854ED09-58C8-4FE2-BAD3-7C7C7EB81430}.Debug|x64.Build.0 = Debug|x64
		{6854ED09-58C8-4FE2-BAD3-7C7C7EB81430}.Release|x64.ActiveCfg = Release|x64
		{6854ED09-58C8-4FE2-BAD3-7C7C7EB81430}.Release|x64.Build.0 = Release|x64
	EndGlobalSection
	GlobalSection(SolutionProperties) = preSolution
		HideSolutionNode = FALSE
	EndGlobalSection
	GlobalSection(ExtensibilityGlobals) = postSolution
		SolutionGuid = {F3247EC7-D944-4B49-AA97-F3AC467BACCC}
	EndGlobalSection
EndGlobal
